
Microsoft Visual Studio Solution File, Format Version 12.00
# Visual Studio 15
VisualStudioVersion = 15.0.27130.2036
MinimumVisualStudioVersion = 10.0.40219.1
Project("{FAE04EC0-301F-11D3-BF4B-00C04F79EFBC}") = "WpfApp1", "WpfApp1\WpfApp1.csproj", "{73346EF0-9FE8-4803-928B-240D118D4424}"
EndProject
Global
	GlobalSection(SolutionConfigurationPlatforms) = preSolution
		Debug|Any CPU = Debug|Any CPU
		Release|Any CPU = Release|Any CPU
	EndGlobalSection
	GlobalSection(ProjectConfigurationPlatforms) = postSolution
		{73346EF0-9FE8-4803-928B-240D118D4424}.Debug|Any CPU.ActiveCfg = Debug|Any CPU
		{73346EF0-9FE8-4803-928B-240D118D4424}.Debug|Any CPU.Build.0 = Debug|Any CPU
		{73346EF0-9FE8-4803-928B-240D118D4424}.Release|Any CPU.ActiveCfg = Release|Any CPU
		{73346EF0-9FE8-4803-928B-240D118D4424}.Release|Any CPU.Build.0 = Release|Any CPU
	EndGlobalSection
	GlobalSection(SolutionProperties) = preSolution
		HideSolutionNode = FALSE
	EndGlobalSection
	GlobalSection(ExtensibilityGlobals) = postSolution
		SolutionGuid = {D17AED22-CC84-4D6F-BD69-1F5DEBCEEF99}
	EndGlobalSection
EndGlobal
